<?xml version="1.0" encoding="utf-8"?>
<Project ToolsVersion="4.0" xmlns="http://schemas.microsoft.com/developer/msbuild/2003">
  <ItemGroup>
    <Filter Include="Sources">
      <UniqueIdentifier>{48b7448e-963c-4690-8966-234ca1804b01}</UniqueIdentifier>
    </Filter>
    <Filter Include="Sources\Items">
      <UniqueIdentifier>{0ae0a315-361a-4f8d-9746-cfde64b1a025}</UniqueIdentifier>
    </Filter>
  </ItemGroup>
  <ItemGroup>
    <ClCompile Include="..\Sources\CreateProjectDialog.cpp">
      <Filter>Sources</Filter>
    </ClCompile>
    <ClCompile Include="..\Sources\Items\LevelListItem.cpp">
      <Filter>Sources\Items</Filter>
    </ClCompile>
    <ClCompile Include="..\Sources\Plugin.cpp">
      <Filter>Sources</Filter>
    </ClCompile>
  </ItemGroup>
  <ItemGroup>
    <ClInclude Include="..\Sources\CreateProjectDialog.h">
      <Filter>Sources</Filter>
    </ClInclude>
    <ClInclude Include="..\Sources\Items\LevelListItem.h">
      <Filter>Sources\Items</Filter>
    </ClInclude>
    <ClInclude Include="..\Sources\Plugin.h">
      <Filter>Sources</Filter>
    </ClInclude>
    <ClInclude Include="..\Sources\ElementIds.h">
      <Filter>Sources</Filter>
    </ClInclude>
  </ItemGroup>
</Project>